// !$*UTF8*$!
{
	archiveVersion = 1;
	classes = {
	};
	objectVersion = 46;
	objects = {

/* Begin PBXBuildFile section */
		3FC8EF8022CE40A700BFB7B2 /* DirectionsBETA.swift in Sources */ = {isa = PBXBuildFile; fileRef = 3FC8EF7F22CE40A700BFB7B2 /* DirectionsBETA.swift */; };
		3FCEA3E122CB86B6007FBECC /* CloudantDados.swift in Sources */ = {isa = PBXBuildFile; fileRef = 3FCEA3E022CB86B6007FBECC /* CloudantDados.swift */; };
		3FCEA3E722CCEC21007FBECC /* ParadaViewController.swift in Sources */ = {isa = PBXBuildFile; fileRef = 3FCEA3E622CCEC21007FBECC /* ParadaViewController.swift */; };
		3FCFEB9222C3AD2500C688DC /* MaisTableViewController.swift in Sources */ = {isa = PBXBuildFile; fileRef = 3FCFEB9122C3AD2500C688DC /* MaisTableViewController.swift */; };
		3FEDFFC322C0F79500BBC9BE /* AppDelegate.swift in Sources */ = {isa = PBXBuildFile; fileRef = 3FEDFFC222C0F79500BBC9BE /* AppDelegate.swift */; };
		3FEDFFC822C0F79500BBC9BE /* Main.storyboard in Resources */ = {isa = PBXBuildFile; fileRef = 3FEDFFC622C0F79500BBC9BE /* Main.storyboard */; };
		3FEDFFCA22C0F79500BBC9BE /* Assets.xcassets in Resources */ = {isa = PBXBuildFile; fileRef = 3FEDFFC922C0F79500BBC9BE /* Assets.xcassets */; };
		3FEDFFCD22C0F79500BBC9BE /* LaunchScreen.storyboard in Resources */ = {isa = PBXBuildFile; fileRef = 3FEDFFCB22C0F79500BBC9BE /* LaunchScreen.storyboard */; };
		3FEDFFD522C1039000BBC9BE /* RotasTableView.swift in Sources */ = {isa = PBXBuildFile; fileRef = 3FEDFFD422C1039000BBC9BE /* RotasTableView.swift */; };
		3FEDFFD722C103C700BBC9BE /* MapaView.swift in Sources */ = {isa = PBXBuildFile; fileRef = 3FEDFFD622C103C700BBC9BE /* MapaView.swift */; };
		3FEDFFD922C1043A00BBC9BE /* RotasTableViewCell.swift in Sources */ = {isa = PBXBuildFile; fileRef = 3FEDFFD822C1043A00BBC9BE /* RotasTableViewCell.swift */; };
		3FEDFFDD22C107D500BBC9BE /* Dados.swift in Sources */ = {isa = PBXBuildFile; fileRef = 3FEDFFDC22C107D500BBC9BE /* Dados.swift */; };
		3FEDFFDF22C10EE000BBC9BE /* DetalharRotaView.swift in Sources */ = {isa = PBXBuildFile; fileRef = 3FEDFFDE22C10EE000BBC9BE /* DetalharRotaView.swift */; };
/* End PBXBuildFile section */

/* Begin PBXFileReference section */
		3FC8EF7F22CE40A700BFB7B2 /* DirectionsBETA.swift */ = {isa = PBXFileReference; fileEncoding = 4; lastKnownFileType = sourcecode.swift; path = DirectionsBETA.swift; sourceTree = "<group>"; };
		3FCEA3E022CB86B6007FBECC /* CloudantDados.swift */ = {isa = PBXFileReference; fileEncoding = 4; lastKnownFileType = sourcecode.swift; path = CloudantDados.swift; sourceTree = "<group>"; };
		3FCEA3E622CCEC21007FBECC /* ParadaViewController.swift */ = {isa = PBXFileReference; fileEncoding = 4; lastKnownFileType = sourcecode.swift; path = ParadaViewController.swift; sourceTree = "<group>"; };
		3FCFEB9122C3AD2500C688DC /* MaisTableViewController.swift */ = {isa = PBXFileReference; fileEncoding = 4; lastKnownFileType = sourcecode.swift; name = MaisTableViewController.swift; path = ../MaisTableViewController.swift; sourceTree = "<group>"; };
		3FEDFFBF22C0F79500BBC9BE /* euau.app */ = {isa = PBXFileReference; explicitFileType = wrapper.application; includeInIndex = 0; path = euau.app; sourceTree = BUILT_PRODUCTS_DIR; };
		3FEDFFC222C0F79500BBC9BE /* AppDelegate.swift */ = {isa = PBXFileReference; lastKnownFileType = sourcecode.swift; path = AppDelegate.swift; sourceTree = "<group>"; };
		3FEDFFC722C0F79500BBC9BE /* Base */ = {isa = PBXFileReference; lastKnownFileType = file.storyboard; name = Base; path = Base.lproj/Main.storyboard; sourceTree = "<group>"; };
		3FEDFFC922C0F79500BBC9BE /* Assets.xcassets */ = {isa = PBXFileReference; lastKnownFileType = folder.assetcatalog; path = Assets.xcassets; sourceTree = "<group>"; };
		3FEDFFCC22C0F79500BBC9BE /* Base */ = {isa = PBXFileReference; lastKnownFileType = file.storyboard; name = Base; path = Base.lproj/LaunchScreen.storyboard; sourceTree = "<group>"; };
		3FEDFFCE22C0F79500BBC9BE /* Info.plist */ = {isa = PBXFileReference; lastKnownFileType = text.plist.xml; path = Info.plist; sourceTree = "<group>"; };
		3FEDFFD422C1039000BBC9BE /* RotasTableView.swift */ = {isa = PBXFileReference; fileEncoding = 4; lastKnownFileType = sourcecode.swift; name = RotasTableView.swift; path = ../RotasTableView.swift; sourceTree = "<group>"; };
		3FEDFFD622C103C700BBC9BE /* MapaView.swift */ = {isa = PBXFileReference; fileEncoding = 4; lastKnownFileType = sourcecode.swift; path = MapaView.swift; sourceTree = "<group>"; };
		3FEDFFD822C1043A00BBC9BE /* RotasTableViewCell.swift */ = {isa = PBXFileReference; fileEncoding = 4; lastKnownFileType = sourcecode.swift; path = RotasTableViewCell.swift; sourceTree = "<group>"; };
		3FEDFFDC22C107D500BBC9BE /* Dados.swift */ = {isa = PBXFileReference; fileEncoding = 4; lastKnownFileType = sourcecode.swift; name = Dados.swift; path = ../Dados.swift; sourceTree = "<group>"; };
		3FEDFFDE22C10EE000BBC9BE /* DetalharRotaView.swift */ = {isa = PBXFileReference; fileEncoding = 4; lastKnownFileType = sourcecode.swift; path = DetalharRotaView.swift; sourceTree = "<group>"; };
		3FFF612822C65C8300F97D41 /* Location.gpx */ = {isa = PBXFileReference; lastKnownFileType = text.xml; path = Location.gpx; sourceTree = "<group>"; };
/* End PBXFileReference section */

/* Begin PBXFrameworksBuildPhase section */
		3FEDFFBC22C0F79500BBC9BE /* Frameworks */ = {
			isa = PBXFrameworksBuildPhase;
			buildActionMask = 2147483647;
			files = (
			);
			runOnlyForDeploymentPostprocessing = 0;
		};
/* End PBXFrameworksBuildPhase section */

/* Begin PBXGroup section */
		3F5DBDBC22C2522E00DCFD2A /* Frameworks */ = {
			isa = PBXGroup;
			children = (
			);
			name = Frameworks;
			sourceTree = "<group>";
		};
		3FCEA3ED22CE19B3007FBECC /* Mapa Tab */ = {
			isa = PBXGroup;
			children = (
			);
			name = "Mapa Tab";
			sourceTree = "<group>";
		};
		3FEDFFB622C0F79500BBC9BE = {
			isa = PBXGroup;
			children = (
				3FC8EF7F22CE40A700BFB7B2 /* DirectionsBETA.swift */,
				3FEDFFC122C0F79500BBC9BE /* euau */,
				3FEDFFC022C0F79500BBC9BE /* Products */,
				3F5DBDBC22C2522E00DCFD2A /* Frameworks */,
			);
			sourceTree = "<group>";
		};
		3FEDFFC022C0F79500BBC9BE /* Products */ = {
			isa = PBXGroup;
			children = (
				3FEDFFBF22C0F79500BBC9BE /* euau.app */,
			);
			name = Products;
			sourceTree = "<group>";
		};
		3FEDFFC122C0F79500BBC9BE /* euau */ = {
			isa = PBXGroup;
			children = (
				3FCEA3ED22CE19B3007FBECC /* Mapa Tab */,
				3FEDFFDC22C107D500BBC9BE /* Dados.swift */,
				3FCFEB9122C3AD2500C688DC /* MaisTableViewController.swift */,
				3FCEA3E622CCEC21007FBECC /* ParadaViewController.swift */,
				3FCEA3E022CB86B6007FBECC /* CloudantDados.swift */,
				3FEDFFD622C103C700BBC9BE /* MapaView.swift */,
				3FEDFFD422C1039000BBC9BE /* RotasTableView.swift */,
				3FEDFFD822C1043A00BBC9BE /* RotasTableViewCell.swift */,
				3FEDFFDE22C10EE000BBC9BE /* DetalharRotaView.swift */,
				3FEDFFC222C0F79500BBC9BE /* AppDelegate.swift */,
				3FEDFFC622C0F79500BBC9BE /* Main.storyboard */,
				3FEDFFC922C0F79500BBC9BE /* Assets.xcassets */,
				3FEDFFCB22C0F79500BBC9BE /* LaunchScreen.storyboard */,
				3FEDFFCE22C0F79500BBC9BE /* Info.plist */,
				3FFF612822C65C8300F97D41 /* Location.gpx */,
			);
			path = euau;
			sourceTree = "<group>";
		};
/* End PBXGroup section */

/* Begin PBXNativeTarget section */
		3FEDFFBE22C0F79500BBC9BE /* euau */ = {
			isa = PBXNativeTarget;
			buildConfigurationList = 3FEDFFD122C0F79500BBC9BE /* Build configuration list for PBXNativeTarget "euau" */;
			buildPhases = (
				3FEDFFBB22C0F79500BBC9BE /* Sources */,
				3FEDFFBC22C0F79500BBC9BE /* Frameworks */,
				3FEDFFBD22C0F79500BBC9BE /* Resources */,
			);
			buildRules = (
			);
			dependencies = (
			);
			name = euau;
			productName = euau;
			productReference = 3FEDFFBF22C0F79500BBC9BE /* euau.app */;
			productType = "com.apple.product-type.application";
		};
/* End PBXNativeTarget section */

/* Begin PBXProject section */
		3FEDFFB722C0F79500BBC9BE /* Project object */ = {
			isa = PBXProject;
			attributes = {
				LastSwiftUpdateCheck = 0830;
				LastUpgradeCheck = 0830;
				ORGANIZATIONNAME = student;
				TargetAttributes = {
					3FEDFFBE22C0F79500BBC9BE = {
						CreatedOnToolsVersion = 8.3.3;
						DevelopmentTeam = Z9TR3NV98S;
						ProvisioningStyle = Automatic;
					};
				};
			};
			buildConfigurationList = 3FEDFFBA22C0F79500BBC9BE /* Build configuration list for PBXProject "euau" */;
			compatibilityVersion = "Xcode 3.2";
			developmentRegion = English;
			hasScannedForEncodings = 0;
			knownRegions = (
				en,
				Base,
			);
			mainGroup = 3FEDFFB622C0F79500BBC9BE;
			productRefGroup = 3FEDFFC022C0F79500BBC9BE /* Products */;
			projectDirPath = "";
			projectRoot = "";
			targets = (
				3FEDFFBE22C0F79500BBC9BE /* euau */,
			);
		};
/* End PBXProject section */

/* Begin PBXResourcesBuildPhase section */
		3FEDFFBD22C0F79500BBC9BE /* Resources */ = {
			isa = PBXResourcesBuildPhase;
			buildActionMask = 2147483647;
			files = (
				3FEDFFCD22C0F79500BBC9BE /* LaunchScreen.storyboard in Resources */,
				3FEDFFCA22C0F79500BBC9BE /* Assets.xcassets in Resources */,
				3FEDFFC822C0F79500BBC9BE /* Main.storyboard in Resources */,
			);
			runOnlyForDeploymentPostprocessing = 0;
		};
/* End PBXResourcesBuildPhase section */

/* Begin PBXSourcesBuildPhase section */
		3FEDFFBB22C0F79500BBC9BE /* Sources */ = {
			isa = PBXSourcesBuildPhase;
			buildActionMask = 2147483647;
			files = (
				3FEDFFD522C1039000BBC9BE /* RotasTableView.swift in Sources */,
				3FEDFFDF22C10EE000BBC9BE /* DetalharRotaView.swift in Sources */,
				3FEDFFC322C0F79500BBC9BE /* AppDelegate.swift in Sources */,
				3FCEA3E122CB86B6007FBECC /* CloudantDados.swift in Sources */,
				3FEDFFD722C103C700BBC9BE /* MapaView.swift in Sources */,
				3FEDFFD922C1043A00BBC9BE /* RotasTableViewCell.swift in Sources */,
				3FCEA3E722CCEC21007FBECC /* ParadaViewController.swift in Sources */,
				3FCFEB9222C3AD2500C688DC /* MaisTableViewController.swift in Sources */,
				3FEDFFDD22C107D500BBC9BE /* Dados.swift in Sources */,
				3FC8EF8022CE40A700BFB7B2 /* DirectionsBETA.swift in Sources */,
			);
			runOnlyForDeploymentPostprocessing = 0;
		};
/* End PBXSourcesBuildPhase section */

/* Begin PBXVariantGroup section */
		3FEDFFC622C0F79500BBC9BE /* Main.storyboard */ = {
			isa = PBXVariantGroup;
			children = (
				3FEDFFC722C0F79500BBC9BE /* Base */,
			);
			name = Main.storyboard;
			sourceTree = "<group>";
		};
		3FEDFFCB22C0F79500BBC9BE /* LaunchScreen.storyboard */ = {
			isa = PBXVariantGroup;
			children = (
				3FEDFFCC22C0F79500BBC9BE /* Base */,
			);
			name = LaunchScreen.storyboard;
			sourceTree = "<group>";
		};
/* End PBXVariantGroup section */

/* Begin XCBuildConfiguration section */
		3FEDFFCF22C0F79500BBC9BE /* Debug */ = {
			isa = XCBuildConfiguration;
			buildSettings = {
				ALWAYS_SEARCH_USER_PATHS = NO;
				CLANG_ANALYZER_NONNULL = YES;
				CLANG_ANALYZER_NUMBER_OBJECT_CONVERSION = YES_AGGRESSIVE;
				CLANG_CXX_LANGUAGE_STANDARD = "gnu++0x";
				CLANG_CXX_LIBRARY = "libc++";
				CLANG_ENABLE_MODULES = YES;
				CLANG_ENABLE_OBJC_ARC = YES;
				CLANG_WARN_BOOL_CONVERSION = YES;
				CLANG_WARN_CONSTANT_CONVERSION = YES;
				CLANG_WARN_DIRECT_OBJC_ISA_USAGE = YES_ERROR;
				CLANG_WARN_DOCUMENTATION_COMMENTS = YES;
				CLANG_WARN_EMPTY_BODY = YES;
				CLANG_WARN_ENUM_CONVERSION = YES;
				CLANG_WARN_INFINITE_RECURSION = YES;
				CLANG_WARN_INT_CONVERSION = YES;
				CLANG_WARN_OBJC_ROOT_CLASS = YES_ERROR;
				CLANG_WARN_SUSPICIOUS_MOVE = YES;
				CLANG_WARN_UNREACHABLE_CODE = YES;
				CLANG_WARN__DUPLICATE_METHOD_MATCH = YES;
				"CODE_SIGN_IDENTITY[sdk=iphoneos*]" = "iPhone Developer";
				COPY_PHASE_STRIP = NO;
				DEBUG_INFORMATION_FORMAT = dwarf;
				ENABLE_STRICT_OBJC_MSGSEND = YES;
				ENABLE_TESTABILITY = YES;
				GCC_C_LANGUAGE_STANDARD = gnu99;
				GCC_DYNAMIC_NO_PIC = NO;
				GCC_NO_COMMON_BLOCKS = YES;
				GCC_OPTIMIZATION_LEVEL = 0;
				GCC_PREPROCESSOR_DEFINITIONS = (
					"DEBUG=1",
					"$(inherited)",
				);
				GCC_WARN_64_TO_32_BIT_CONVERSION = YES;
				GCC_WARN_ABOUT_RETURN_TYPE = YES_ERROR;
				GCC_WARN_UNDECLARED_SELECTOR = YES;
				GCC_WARN_UNINITIALIZED_AUTOS = YES_AGGRESSIVE;
				GCC_WARN_UNUSED_FUNCTION = YES;
				GCC_WARN_UNUSED_VARIABLE = YES;
				IPHONEOS_DEPLOYMENT_TARGET = 10.3;
				MTL_ENABLE_DEBUG_INFO = YES;
				ONLY_ACTIVE_ARCH = YES;
				SDKROOT = iphoneos;
				SWIFT_ACTIVE_COMPILATION_CONDITIONS = DEBUG;
				SWIFT_OPTIMIZATION_LEVEL = "-Onone";
				TARGETED_DEVICE_FAMILY = "1,2";
			};
			name = Debug;
		};
		3FEDFFD022C0F79500BBC9BE /* Release */ = {
			isa = XCBuildConfiguration;
			buildSettings = {
				ALWAYS_SEARCH_USER_PATHS = NO;
				CLANG_ANALYZER_NONNULL = YES;
				CLANG_ANALYZER_NUMBER_OBJECT_CONVERSION = YES_AGGRESSIVE;
				CLANG_CXX_LANGUAGE_STANDARD = "gnu++0x";
				CLANG_CXX_LIBRARY = "libc++";
				CLANG_ENABLE_MODULES = YES;
				CLANG_ENABLE_OBJC_ARC = YES;
				CLANG_WARN_BOOL_CONVERSION = YES;
				CLANG_WARN_CONSTANT_CONVERSION = YES;
				CLANG_WARN_DIRECT_OBJC_ISA_USAGE = YES_ERROR;
				CLANG_WARN_DOCUMENTATION_COMMENTS = YES;
				CLANG_WARN_EMPTY_BODY = YES;
				CLANG_WARN_ENUM_CONVERSION = YES;
				CLANG_WARN_INFINITE_RECURSION = YES;
				CLANG_WARN_INT_CONVERSION = YES;
				CLANG_WARN_OBJC_ROOT_CLASS = YES_ERROR;
				CLANG_WARN_SUSPICIOUS_MOVE = YES;
				CLANG_WARN_UNREACHABLE_CODE = YES;
				CLANG_WARN__DUPLICATE_METHOD_MATCH = YES;
				"CODE_SIGN_IDENTITY[sdk=iphoneos*]" = "iPhone Developer";
				COPY_PHASE_STRIP = NO;
				DEBUG_INFORMATION_FORMAT = "dwarf-with-dsym";
				ENABLE_NS_ASSERTIONS = NO;
				ENABLE_STRICT_OBJC_MSGSEND = YES;
				GCC_C_LANGUAGE_STANDARD = gnu99;
				GCC_NO_COMMON_BLOCKS = YES;
				GCC_WARN_64_TO_32_BIT_CONVERSION = YES;
				GCC_WARN_ABOUT_RETURN_TYPE = YES_ERROR;
				GCC_WARN_UNDECLARED_SELECTOR = YES;
				GCC_WARN_UNINITIALIZED_AUTOS = YES_AGGRESSIVE;
				GCC_WARN_UNUSED_FUNCTION = YES;
				GCC_WARN_UNUSED_VARIABLE = YES;
				IPHONEOS_DEPLOYMENT_TARGET = 10.3;
				MTL_ENABLE_DEBUG_INFO = NO;
				SDKROOT = iphoneos;
				SWIFT_OPTIMIZATION_LEVEL = "-Owholemodule";
				TARGETED_DEVICE_FAMILY = "1,2";
				VALIDATE_PRODUCT = YES;
			};
			name = Release;
		};
		3FEDFFD222C0F79500BBC9BE /* Debug */ = {
			isa = XCBuildConfiguration;
			buildSettings = {
				ASSETCATALOG_COMPILER_APPICON_NAME = AppIcon;
				DEVELOPMENT_TEAM = Z9TR3NV98S;
				INFOPLIST_FILE = euau/Info.plist;
				IPHONEOS_DEPLOYMENT_TARGET = 10.2;
				LD_RUNPATH_SEARCH_PATHS = "$(inherited) @executable_path/Frameworks";
				PRODUCT_BUNDLE_IDENTIFIER = com.hackatruck.euau;
				PRODUCT_NAME = "$(TARGET_NAME)";
				SWIFT_VERSION = 3.0;
			};
			name = Debug;
		};
		3FEDFFD322C0F79500BBC9BE /* Release */ = {
			isa = XCBuildConfiguration;
			buildSettings = {
				ASSETCATALOG_COMPILER_APPICON_NAME = AppIcon;
				DEVELOPMENT_TEAM = Z9TR3NV98S;
				INFOPLIST_FILE = euau/Info.plist;
				IPHONEOS_DEPLOYMENT_TARGET = 10.2;
				LD_RUNPATH_SEARCH_PATHS = "$(inherited) @executable_path/Frameworks";
				PRODUCT_BUNDLE_IDENTIFIER = com.hackatruck.euau;
				PRODUCT_NAME = "$(TARGET_NAME)";
				SWIFT_VERSION = 3.0;
			};
			name = Release;
		};
/* End XCBuildConfiguration section */

/* Begin XCConfigurationList section */
		3FEDFFBA22C0F79500BBC9BE /* Build configuration list for PBXProject "euau" */ = {
			isa = XCConfigurationList;
			buildConfigurations = (
				3FEDFFCF22C0F79500BBC9BE /* Debug */,
				3FEDFFD022C0F79500BBC9BE /* Release */,
			);
			defaultConfigurationIsVisible = 0;
			defaultConfigurationName = Release;
		};
		3FEDFFD122C0F79500BBC9BE /* Build configuration list for PBXNativeTarget "euau" */ = {
			isa = XCConfigurationList;
			buildConfigurations = (
				3FEDFFD222C0F79500BBC9BE /* Debug */,
				3FEDFFD322C0F79500BBC9BE /* Release */,
			);
			defaultConfigurationIsVisible = 0;
			defaultConfigurationName = Release;
		};
/* End XCConfigurationList section */
	};
	rootObject = 3FEDFFB722C0F79500BBC9BE /* Project object */;
}
